
Microsoft Visual Studio Solution File, Format Version 12.00
# Visual Studio Version 16
VisualStudioVersion = 16.0.30907.101
MinimumVisualStudioVersion = 10.0.40219.1
Project("{FAE04EC0-301F-11D3-BF4B-00C04F79EFBC}") = "OpdrachtVacatures", "OpdrachtVacatures\OpdrachtVacatures.csproj", "{F0EA7D8A-F752-46BE-A07E-73A266B53560}"
EndProject
Global
	GlobalSection(SolutionConfigurationPlatforms) = preSolution
		Debug|Any CPU = Debug|Any CPU
		Release|Any CPU = Release|Any CPU
	EndGlobalSection
	GlobalSection(ProjectConfigurationPlatforms) = postSolution
		{F0EA7D8A-F752-46BE-A07E-73A266B53560}.Debug|Any CPU.ActiveCfg = Debug|Any CPU
		{F0EA7D8A-F752-46BE-A07E-73A266B53560}.Debug|Any CPU.Build.0 = Debug|Any CPU
		{F0EA7D8A-F752-46BE-A07E-73A266B53560}.Release|Any CPU.ActiveCfg = Release|Any CPU
		{F0EA7D8A-F752-46BE-A07E-73A266B53560}.Release|Any CPU.Build.0 = Release|Any CPU
	EndGlobalSection
	GlobalSection(SolutionProperties) = preSolution
		HideSolutionNode = FALSE
	EndGlobalSection
	GlobalSection(ExtensibilityGlobals) = postSolution
		SolutionGuid = {64BE3BB8-57EC-43B5-AF57-A8F72A81BB55}
	EndGlobalSection
EndGlobal
